Microsoft Visual Studio Solution File, Format Version 12.00
# Visual Studio Version 17
VisualStudioVersion = 17.13.35919.96
MinimumVisualStudioVersion = 10.0.40219.1
Project("{FAE04EC0-301F-11D3-BF4B-00C04F79EFBC}") = "ActorsFilmListUsingADOnet", "ActorsFilmListUsingADOnet\ActorsFilmListUsingADOnet.csproj", "{7BDD9355-333D-45F4-BBB7-874B477E43E8}"
EndProject
Global
	GlobalSection(SolutionConfigurationPlatforms) = preSolution
		Debug|Any CPU = Debug|Any CPU
		Release|Any CPU = Release|Any CPU
	EndGlobalSection
	GlobalSection(ProjectConfigurationPlatforms) = postSolution
		{7BDD9355-333D-45F4-BBB7-874B477E43E8}.Debug|Any CPU.ActiveCfg = Debug|Any CPU
		{7BDD9355-333D-45F4-BBB7-874B477E43E8}.Debug|Any CPU.Build.0 = Debug|Any CPU
		{7BDD9355-333D-45F4-BBB7-874B477E43E8}.Release|Any CPU.ActiveCfg = Release|Any CPU
		{7BDD9355-333D-45F4-BBB7-874B477E43E8}.Release|Any CPU.Build.0 = Release|Any CPU
	EndGlobalSection
	GlobalSection(SolutionProperties) = preSolution
		HideSolutionNode = FALSE
	EndGlobalSection
	GlobalSection(ExtensibilityGlobals) = postSolution
		SolutionGuid = {A816DA58-1D68-4A84-9E65-17C7AA99B944}
	EndGlobalSection
EndGlobal
